// !$*UTF8*$!
{
	archiveVersion = 1;
	classes = {
	};
	objectVersion = 52;
	objects = {

/* Begin PBXBuildFile section */
		C52055A1241C23A900FE0AB6 /* AppDelegate.swift in Sources */ = {isa = PBXBuildFile; fileRef = C52055A0241C23A900FE0AB6 /* AppDelegate.swift */; };
		C52055A3241C23A900FE0AB6 /* ContentView.swift in Sources */ = {isa = PBXBuildFile; fileRef = C52055A2241C23A900FE0AB6 /* ContentView.swift */; };
		C52055A8241C23AB00FE0AB6 /* Assets.xcassets in Resources */ = {isa = PBXBuildFile; fileRef = C52055A7241C23AB00FE0AB6 /* Assets.xcassets */; };
		C52055AB241C23AB00FE0AB6 /* Preview Assets.xcassets in Resources */ = {isa = PBXBuildFile; fileRef = C52055AA241C23AB00FE0AB6 /* Preview Assets.xcassets */; };
		C52055AE241C23AB00FE0AB6 /* Main.storyboard in Resources */ = {isa = PBXBuildFile; fileRef = C52055AC241C23AB00FE0AB6 /* Main.storyboard */; };
		C52055B5241C23CB00FE0AB6 /* CloudKit.framework in Frameworks */ = {isa = PBXBuildFile; fileRef = C52055B4241C23CB00FE0AB6 /* CloudKit.framework */; };
		C52055B6241C242500FE0AB6 /* OpenDay.xcdatamodeld in Sources */ = {isa = PBXBuildFile; fileRef = C5B2BC3C240ABDB6009E3E2C /* OpenDay.xcdatamodeld */; };
		C52055B7241C244600FE0AB6 /* EntryPost.swift in Sources */ = {isa = PBXBuildFile; fileRef = C53329AF240B766B007389DF /* EntryPost.swift */; };
		C52055B9241C246200FE0AB6 /* LocationService in Frameworks */ = {isa = PBXBuildFile; productRef = C52055B8241C246200FE0AB6 /* LocationService */; };
		C52055BB241C258D00FE0AB6 /* EntryRepository.swift in Sources */ = {isa = PBXBuildFile; fileRef = C5C39F962417714700309AC2 /* EntryRepository.swift */; };
		C52055BC241C259000FE0AB6 /* CoreDataRepository.swift in Sources */ = {isa = PBXBuildFile; fileRef = C5C39F982417800D00309AC2 /* CoreDataRepository.swift */; };
		C52055BD241C261300FE0AB6 /* EntriesStore.swift in Sources */ = {isa = PBXBuildFile; fileRef = C558AAF82413974C00DBB148 /* EntriesStore.swift */; };
		C52055BE241C262B00FE0AB6 /* EntryStore.swift in Sources */ = {isa = PBXBuildFile; fileRef = C558AAFC24139D5500DBB148 /* EntryStore.swift */; };
		C52055BF241C273C00FE0AB6 /* LocationSearchViewModel.swift in Sources */ = {isa = PBXBuildFile; fileRef = C5C39F932416D93600309AC2 /* LocationSearchViewModel.swift */; };
		C52055C2241C9B9400FE0AB6 /* OpenKit in Frameworks */ = {isa = PBXBuildFile; productRef = C52055C1241C9B9400FE0AB6 /* OpenKit */; };
		C52055C4241C9B9B00FE0AB6 /* OpenKit in Frameworks */ = {isa = PBXBuildFile; productRef = C52055C3241C9B9B00FE0AB6 /* OpenKit */; };
		C52055C7241CA31000FE0AB6 /* Models in Frameworks */ = {isa = PBXBuildFile; productRef = C52055C6241CA31000FE0AB6 /* Models */; };
		C52055C9241CA83600FE0AB6 /* Models in Frameworks */ = {isa = PBXBuildFile; productRef = C52055C8241CA83600FE0AB6 /* Models */; };
		C52055CC241CBB6600FE0AB6 /* EntryRowView in Frameworks */ = {isa = PBXBuildFile; productRef = C52055CB241CBB6600FE0AB6 /* EntryRowView */; };
		C52055CE241CBCFE00FE0AB6 /* EntryRowView in Frameworks */ = {isa = PBXBuildFile; productRef = C52055CD241CBCFE00FE0AB6 /* EntryRowView */; };
		C53329B0240B766B007389DF /* EntryPost.swift in Sources */ = {isa = PBXBuildFile; fileRef = C53329AF240B766B007389DF /* EntryPost.swift */; };
		C558AAF7241392D300DBB148 /* KeyboardObserving in Frameworks */ = {isa = PBXBuildFile; productRef = C558AAF6241392D300DBB148 /* KeyboardObserving */; };
		C558AAF92413974C00DBB148 /* EntriesStore.swift in Sources */ = {isa = PBXBuildFile; fileRef = C558AAF82413974C00DBB148 /* EntriesStore.swift */; };
		C558AAFD24139D5500DBB148 /* EntryStore.swift in Sources */ = {isa = PBXBuildFile; fileRef = C558AAFC24139D5500DBB148 /* EntryStore.swift */; };
		C558AB002414C28600DBB148 /* LocationService in Frameworks */ = {isa = PBXBuildFile; productRef = C558AAFF2414C28600DBB148 /* LocationService */; };
		C558AB0424153EAC00DBB148 /* EntryView.swift in Sources */ = {isa = PBXBuildFile; fileRef = C558AB0324153EAC00DBB148 /* EntryView.swift */; };
		C558AB0624153ED900DBB148 /* ContentEntryView.swift in Sources */ = {isa = PBXBuildFile; fileRef = C558AB0524153ED900DBB148 /* ContentEntryView.swift */; };
		C57C0DBB241E61230056EB2F /* 1.json in Resources */ = {isa = PBXBuildFile; fileRef = C57C0DBA241E61230056EB2F /* 1.json */; };
		C57C0DBD241E625F0056EB2F /* DayOneKit in Frameworks */ = {isa = PBXBuildFile; productRef = C57C0DBC241E625F0056EB2F /* DayOneKit */; };
		C5859DEB240B9EE900711C16 /* KingfisherSwiftUI in Frameworks */ = {isa = PBXBuildFile; productRef = C5859DEA240B9EE900711C16 /* KingfisherSwiftUI */; };
		C5A895FF2420A70B00025403 /* WeatherService in Frameworks */ = {isa = PBXBuildFile; productRef = C5A895FE2420A70B00025403 /* WeatherService */; };
		C5B2BC39240ABDB6009E3E2C /* AppDelegate.swift in Sources */ = {isa = PBXBuildFile; fileRef = C5B2BC38240ABDB6009E3E2C /* AppDelegate.swift */; };
		C5B2BC3B240ABDB6009E3E2C /* SceneDelegate.swift in Sources */ = {isa = PBXBuildFile; fileRef = C5B2BC3A240ABDB6009E3E2C /* SceneDelegate.swift */; };
		C5B2BC3E240ABDB6009E3E2C /* OpenDay.xcdatamodeld in Sources */ = {isa = PBXBuildFile; fileRef = C5B2BC3C240ABDB6009E3E2C /* OpenDay.xcdatamodeld */; };
		C5B2BC40240ABDB6009E3E2C /* ContentView.swift in Sources */ = {isa = PBXBuildFile; fileRef = C5B2BC3F240ABDB6009E3E2C /* ContentView.swift */; };
		C5B2BC42240ABDB7009E3E2C /* Assets.xcassets in Resources */ = {isa = PBXBuildFile; fileRef = C5B2BC41240ABDB7009E3E2C /* Assets.xcassets */; };
		C5B2BC45240ABDB7009E3E2C /* Preview Assets.xcassets in Resources */ = {isa = PBXBuildFile; fileRef = C5B2BC44240ABDB7009E3E2C /* Preview Assets.xcassets */; };
		C5B2BC48240ABDB7009E3E2C /* LaunchScreen.storyboard in Resources */ = {isa = PBXBuildFile; fileRef = C5B2BC46240ABDB7009E3E2C /* LaunchScreen.storyboard */; };
		C5B2BC52240ABDE9009E3E2C /* CloudKit.framework in Frameworks */ = {isa = PBXBuildFile; fileRef = C5B2BC51240ABDE9009E3E2C /* CloudKit.framework */; };
		C5C39F922416D7B200309AC2 /* LocationSearchView.swift in Sources */ = {isa = PBXBuildFile; fileRef = C5C39F912416D7B200309AC2 /* LocationSearchView.swift */; };
		C5C39F942416D93600309AC2 /* LocationSearchViewModel.swift in Sources */ = {isa = PBXBuildFile; fileRef = C5C39F932416D93600309AC2 /* LocationSearchViewModel.swift */; };
		C5C39F972417714700309AC2 /* EntryRepository.swift in Sources */ = {isa = PBXBuildFile; fileRef = C5C39F962417714700309AC2 /* EntryRepository.swift */; };
		C5C39F992417800D00309AC2 /* CoreDataRepository.swift in Sources */ = {isa = PBXBuildFile; fileRef = C5C39F982417800D00309AC2 /* CoreDataRepository.swift */; };
		C5D40E2F2421E6C700DBDE85 /* Secrets in Frameworks */ = {isa = PBXBuildFile; productRef = C5D40E2E2421E6C700DBDE85 /* Secrets */; };
		C5D40E312421EC8600DBDE85 /* Secrets in Frameworks */ = {isa = PBXBuildFile; productRef = C5D40E302421EC8600DBDE85 /* Secrets */; };
		C5D40E332421EC8B00DBDE85 /* WeatherService in Frameworks */ = {isa = PBXBuildFile; productRef = C5D40E322421EC8B00DBDE85 /* WeatherService */; };
		C5D45EDD241DF76B00B5F109 /* MapView in Frameworks */ = {isa = PBXBuildFile; productRef = C5D45EDC241DF76B00B5F109 /* MapView */; };
		C5D45EDF241DFD0900B5F109 /* MapView in Frameworks */ = {isa = PBXBuildFile; productRef = C5D45EDE241DFD0900B5F109 /* MapView */; };
		C5DA7A902412DEF400F4F398 /* ImagePicker.swift in Sources */ = {isa = PBXBuildFile; fileRef = C5DA7A8F2412DEF400F4F398 /* ImagePicker.swift */; };
		C5DA7A93241386A200F4F398 /* TextView in Frameworks */ = {isa = PBXBuildFile; productRef = C5DA7A92241386A200F4F398 /* TextView */; };
/* End PBXBuildFile section */

/* Begin PBXFileReference section */
		C520559E241C23A900FE0AB6 /* OpenDay-Mac.app */ = {isa = PBXFileReference; explicitFileType = wrapper.application; includeInIndex = 0; path = "OpenDay-Mac.app"; sourceTree = BUILT_PRODUCTS_DIR; };
		C52055A0241C23A900FE0AB6 /* AppDelegate.swift */ = {isa = PBXFileReference; lastKnownFileType = sourcecode.swift; path = AppDelegate.swift; sourceTree = "<group>"; };
		C52055A2241C23A900FE0AB6 /* ContentView.swift */ = {isa = PBXFileReference; lastKnownFileType = sourcecode.swift; path = ContentView.swift; sourceTree = "<group>"; };
		C52055A7241C23AB00FE0AB6 /* Assets.xcassets */ = {isa = PBXFileReference; lastKnownFileType = folder.assetcatalog; path = Assets.xcassets; sourceTree = "<group>"; };
		C52055AA241C23AB00FE0AB6 /* Preview Assets.xcassets */ = {isa = PBXFileReference; lastKnownFileType = folder.assetcatalog; path = "Preview Assets.xcassets"; sourceTree = "<group>"; };
		C52055AD241C23AB00FE0AB6 /* Base */ = {isa = PBXFileReference; lastKnownFileType = file.storyboard; name = Base; path = Base.lproj/Main.storyboard; sourceTree = "<group>"; };
		C52055AF241C23AB00FE0AB6 /* Info.plist */ = {isa = PBXFileReference; lastKnownFileType = text.plist.xml; path = Info.plist; sourceTree = "<group>"; };
		C52055B0241C23AB00FE0AB6 /* OpenDay_Mac.entitlements */ = {isa = PBXFileReference; lastKnownFileType = text.plist.entitlements; path = OpenDay_Mac.entitlements; sourceTree = "<group>"; };
		C52055B4241C23CB00FE0AB6 /* CloudKit.framework */ = {isa = PBXFileReference; lastKnownFileType = wrapper.framework; name = CloudKit.framework; path = Platforms/MacOSX.platform/Developer/SDKs/MacOSX10.15.sdk/System/Library/Frameworks/CloudKit.framework; sourceTree = DEVELOPER_DIR; };
		C52055C0241C9A1A00FE0AB6 /* OpenKit */ = {isa = PBXFileReference; lastKnownFileType = folder; path = OpenKit; sourceTree = "<group>"; };
		C52055C5241C9FEC00FE0AB6 /* Models */ = {isa = PBXFileReference; lastKnownFileType = folder; path = Models; sourceTree = "<group>"; };
		C52055CA241CBAB200FE0AB6 /* EntryRowView */ = {isa = PBXFileReference; lastKnownFileType = folder; path = EntryRowView; sourceTree = "<group>"; };
		C53329AF240B766B007389DF /* EntryPost.swift */ = {isa = PBXFileReference; lastKnownFileType = sourcecode.swift; path = EntryPost.swift; sourceTree = "<group>"; };
		C558AAF82413974C00DBB148 /* EntriesStore.swift */ = {isa = PBXFileReference; lastKnownFileType = sourcecode.swift; path = EntriesStore.swift; sourceTree = "<group>"; };
		C558AAFC24139D5500DBB148 /* EntryStore.swift */ = {isa = PBXFileReference; lastKnownFileType = sourcecode.swift; name = EntryStore.swift; path = Stores/EntryStore.swift; sourceTree = "<group>"; };
		C558AAFE2414C23100DBB148 /* LocationService */ = {isa = PBXFileReference; lastKnownFileType = folder; path = LocationService; sourceTree = "<group>"; };
		C558AB0324153EAC00DBB148 /* EntryView.swift */ = {isa = PBXFileReference; lastKnownFileType = sourcecode.swift; path = EntryView.swift; sourceTree = "<group>"; };
		C558AB0524153ED900DBB148 /* ContentEntryView.swift */ = {isa = PBXFileReference; lastKnownFileType = sourcecode.swift; path = ContentEntryView.swift; sourceTree = "<group>"; };
		C57C0DB9241E5F9A0056EB2F /* DayOneKit */ = {isa = PBXFileReference; lastKnownFileType = folder; path = DayOneKit; sourceTree = "<group>"; };
		C57C0DBA241E61230056EB2F /* 1.json */ = {isa = PBXFileReference; fileEncoding = 4; lastKnownFileType = text.json; name = 1.json; path = "../../../Documents/Export - All Entries (2020-03-15)/1.json"; sourceTree = "<group>"; };
		C5A895FD242098FF00025403 /* WeatherService */ = {isa = PBXFileReference; lastKnownFileType = folder; path = WeatherService; sourceTree = "<group>"; };
		C5B2BC35240ABDB6009E3E2C /* OpenDay.app */ = {isa = PBXFileReference; explicitFileType = wrapper.application; includeInIndex = 0; path = OpenDay.app; sourceTree = BUILT_PRODUCTS_DIR; };
		C5B2BC38240ABDB6009E3E2C /* AppDelegate.swift */ = {isa = PBXFileReference; lastKnownFileType = sourcecode.swift; path = AppDelegate.swift; sourceTree = "<group>"; };
		C5B2BC3A240ABDB6009E3E2C /* SceneDelegate.swift */ = {isa = PBXFileReference; lastKnownFileType = sourcecode.swift; path = SceneDelegate.swift; sourceTree = "<group>"; };
		C5B2BC3D240ABDB6009E3E2C /* OpenDay.xcdatamodel */ = {isa = PBXFileReference; lastKnownFileType = wrapper.xcdatamodel; path = OpenDay.xcdatamodel; sourceTree = "<group>"; };
		C5B2BC3F240ABDB6009E3E2C /* ContentView.swift */ = {isa = PBXFileReference; lastKnownFileType = sourcecode.swift; path = ContentView.swift; sourceTree = "<group>"; };
		C5B2BC41240ABDB7009E3E2C /* Assets.xcassets */ = {isa = PBXFileReference; lastKnownFileType = folder.assetcatalog; path = Assets.xcassets; sourceTree = "<group>"; };
		C5B2BC44240ABDB7009E3E2C /* Preview Assets.xcassets */ = {isa = PBXFileReference; lastKnownFileType = folder.assetcatalog; path = "Preview Assets.xcassets"; sourceTree = "<group>"; };
		C5B2BC47240ABDB7009E3E2C /* Base */ = {isa = PBXFileReference; lastKnownFileType = file.storyboard; name = Base; path = Base.lproj/LaunchScreen.storyboard; sourceTree = "<group>"; };
		C5B2BC49240ABDB7009E3E2C /* Info.plist */ = {isa = PBXFileReference; lastKnownFileType = text.plist.xml; path = Info.plist; sourceTree = "<group>"; };
		C5B2BC4F240ABDE3009E3E2C /* OpenDay.entitlements */ = {isa = PBXFileReference; lastKnownFileType = text.plist.entitlements; path = OpenDay.entitlements; sourceTree = "<group>"; };
		C5B2BC51240ABDE9009E3E2C /* CloudKit.framework */ = {isa = PBXFileReference; lastKnownFileType = wrapper.framework; name = CloudKit.framework; path = System/Library/Frameworks/CloudKit.framework; sourceTree = SDKROOT; };
		C5C39F912416D7B200309AC2 /* LocationSearchView.swift */ = {isa = PBXFileReference; lastKnownFileType = sourcecode.swift; path = LocationSearchView.swift; sourceTree = "<group>"; };
		C5C39F932416D93600309AC2 /* LocationSearchViewModel.swift */ = {isa = PBXFileReference; lastKnownFileType = sourcecode.swift; name = LocationSearchViewModel.swift; path = Stores/LocationSearchViewModel.swift; sourceTree = "<group>"; };
		C5C39F962417714700309AC2 /* EntryRepository.swift */ = {isa = PBXFileReference; lastKnownFileType = sourcecode.swift; path = EntryRepository.swift; sourceTree = "<group>"; };
		C5C39F982417800D00309AC2 /* CoreDataRepository.swift */ = {isa = PBXFileReference; lastKnownFileType = sourcecode.swift; path = CoreDataRepository.swift; sourceTree = "<group>"; };
		C5D40E2D2421E62A00DBDE85 /* Secrets */ = {isa = PBXFileReference; lastKnownFileType = folder; path = Secrets; sourceTree = "<group>"; };
		C5D45EDB241DF6A800B5F109 /* MapView */ = {isa = PBXFileReference; lastKnownFileType = folder; path = MapView; sourceTree = "<group>"; };
		C5DA7A8F2412DEF400F4F398 /* ImagePicker.swift */ = {isa = PBXFileReference; lastKnownFileType = sourcecode.swift; path = ImagePicker.swift; sourceTree = "<group>"; };
		C5DA7A912413853800F4F398 /* TextView */ = {isa = PBXFileReference; lastKnownFileType = folder; path = TextView; sourceTree = "<group>"; };
/* End PBXFileReference section */

/* Begin PBXFrameworksBuildPhase section */
		C520559B241C23A900FE0AB6 /* Frameworks */ = {
			isa = PBXFrameworksBuildPhase;
			buildActionMask = 2147483647;
			files = (
				C57C0DBD241E625F0056EB2F /* DayOneKit in Frameworks */,
				C5D45EDF241DFD0900B5F109 /* MapView in Frameworks */,
				C52055CE241CBCFE00FE0AB6 /* EntryRowView in Frameworks */,
				C5D40E2F2421E6C700DBDE85 /* Secrets in Frameworks */,
				C52055C2241C9B9400FE0AB6 /* OpenKit in Frameworks */,
				C52055B5241C23CB00FE0AB6 /* CloudKit.framework in Frameworks */,
				C52055C9241CA83600FE0AB6 /* Models in Frameworks */,
				C52055B9241C246200FE0AB6 /* LocationService in Frameworks */,
				C5A895FF2420A70B00025403 /* WeatherService in Frameworks */,
			);
			runOnlyForDeploymentPostprocessing = 0;
		};
		C5B2BC32240ABDB6009E3E2C /* Frameworks */ = {
			isa = PBXFrameworksBuildPhase;
			buildActionMask = 2147483647;
			files = (
				C5D45EDD241DF76B00B5F109 /* MapView in Frameworks */,
				C5859DEB240B9EE900711C16 /* KingfisherSwiftUI in Frameworks */,
				C52055CC241CBB6600FE0AB6 /* EntryRowView in Frameworks */,
				C558AAF7241392D300DBB148 /* KeyboardObserving in Frameworks */,
				C5D40E332421EC8B00DBDE85 /* WeatherService in Frameworks */,
				C5D40E312421EC8600DBDE85 /* Secrets in Frameworks */,
				C5DA7A93241386A200F4F398 /* TextView in Frameworks */,
				C52055C4241C9B9B00FE0AB6 /* OpenKit in Frameworks */,
				C558AB002414C28600DBB148 /* LocationService in Frameworks */,
				C52055C7241CA31000FE0AB6 /* Models in Frameworks */,
				C5B2BC52240ABDE9009E3E2C /* CloudKit.framework in Frameworks */,
			);
			runOnlyForDeploymentPostprocessing = 0;
		};
/* End PBXFrameworksBuildPhase section */

/* Begin PBXGroup section */
		C520559F241C23A900FE0AB6 /* OpenDay-Mac */ = {
			isa = PBXGroup;
			children = (
				C57C0DBA241E61230056EB2F /* 1.json */,
				C52055A0241C23A900FE0AB6 /* AppDelegate.swift */,
				C52055A2241C23A900FE0AB6 /* ContentView.swift */,
				C52055A7241C23AB00FE0AB6 /* Assets.xcassets */,
				C52055AC241C23AB00FE0AB6 /* Main.storyboard */,
				C52055AF241C23AB00FE0AB6 /* Info.plist */,
				C52055B0241C23AB00FE0AB6 /* OpenDay_Mac.entitlements */,
				C52055A9241C23AB00FE0AB6 /* Preview Content */,
			);
			path = "OpenDay-Mac";
			sourceTree = "<group>";
		};
		C52055A9241C23AB00FE0AB6 /* Preview Content */ = {
			isa = PBXGroup;
			children = (
				C52055AA241C23AB00FE0AB6 /* Preview Assets.xcassets */,
			);
			path = "Preview Content";
			sourceTree = "<group>";
		};
		C558AAFB24139B5F00DBB148 /* Stores */ = {
			isa = PBXGroup;
			children = (
				C558AAF82413974C00DBB148 /* EntriesStore.swift */,
				C558AAFC24139D5500DBB148 /* EntryStore.swift */,
				C5C39F932416D93600309AC2 /* LocationSearchViewModel.swift */,
			);
			name = Stores;
			sourceTree = "<group>";
		};
		C558AB0224153E9E00DBB148 /* Views */ = {
			isa = PBXGroup;
			children = (
				C558AB0324153EAC00DBB148 /* EntryView.swift */,
				C558AB0524153ED900DBB148 /* ContentEntryView.swift */,
				C5C39F912416D7B200309AC2 /* LocationSearchView.swift */,
			);
			path = Views;
			sourceTree = "<group>";
		};
		C5B2BC2C240ABDB5009E3E2C = {
			isa = PBXGroup;
			children = (
				C5D40E2D2421E62A00DBDE85 /* Secrets */,
				C5A895FD242098FF00025403 /* WeatherService */,
				C57C0DB9241E5F9A0056EB2F /* DayOneKit */,
				C5D45EDB241DF6A800B5F109 /* MapView */,
				C52055CA241CBAB200FE0AB6 /* EntryRowView */,
				C52055C5241C9FEC00FE0AB6 /* Models */,
				C52055C0241C9A1A00FE0AB6 /* OpenKit */,
				C558AAFE2414C23100DBB148 /* LocationService */,
				C5DA7A912413853800F4F398 /* TextView */,
				C5B2BC37240ABDB6009E3E2C /* OpenDay */,
				C520559F241C23A900FE0AB6 /* OpenDay-Mac */,
				C5B2BC36240ABDB6009E3E2C /* Products */,
				C5B2BC50240ABDE9009E3E2C /* Frameworks */,
			);
			sourceTree = "<group>";
		};
		C5B2BC36240ABDB6009E3E2C /* Products */ = {
			isa = PBXGroup;
			children = (
				C5B2BC35240ABDB6009E3E2C /* OpenDay.app */,
				C520559E241C23A900FE0AB6 /* OpenDay-Mac.app */,
			);
			name = Products;
			sourceTree = "<group>";
		};
		C5B2BC37240ABDB6009E3E2C /* OpenDay */ = {
			isa = PBXGroup;
			children = (
				C5C39F952417712500309AC2 /* Repository */,
				C558AB0224153E9E00DBB148 /* Views */,
				C5B2BC4F240ABDE3009E3E2C /* OpenDay.entitlements */,
				C5B2BC38240ABDB6009E3E2C /* AppDelegate.swift */,
				C5B2BC3A240ABDB6009E3E2C /* SceneDelegate.swift */,
				C5B2BC3F240ABDB6009E3E2C /* ContentView.swift */,
				C5B2BC41240ABDB7009E3E2C /* Assets.xcassets */,
				C5B2BC46240ABDB7009E3E2C /* LaunchScreen.storyboard */,
				C5B2BC49240ABDB7009E3E2C /* Info.plist */,
				C5B2BC3C240ABDB6009E3E2C /* OpenDay.xcdatamodeld */,
				C5B2BC43240ABDB7009E3E2C /* Preview Content */,
				C53329AF240B766B007389DF /* EntryPost.swift */,
				C5DA7A8F2412DEF400F4F398 /* ImagePicker.swift */,
				C558AAFB24139B5F00DBB148 /* Stores */,
			);
			path = OpenDay;
			sourceTree = "<group>";
		};
		C5B2BC43240ABDB7009E3E2C /* Preview Content */ = {
			isa = PBXGroup;
			children = (
				C5B2BC44240ABDB7009E3E2C /* Preview Assets.xcassets */,
			);
			path = "Preview Content";
			sourceTree = "<group>";
		};
		C5B2BC50240ABDE9009E3E2C /* Frameworks */ = {
			isa = PBXGroup;
			children = (
				C52055B4241C23CB00FE0AB6 /* CloudKit.framework */,
				C5B2BC51240ABDE9009E3E2C /* CloudKit.framework */,
			);
			name = Frameworks;
			sourceTree = "<group>";
		};
		C5C39F952417712500309AC2 /* Repository */ = {
			isa = PBXGroup;
			children = (
				C5C39F962417714700309AC2 /* EntryRepository.swift */,
				C5C39F982417800D00309AC2 /* CoreDataRepository.swift */,
			);
			path = Repository;
			sourceTree = "<group>";
		};
/* End PBXGroup section */

/* Begin PBXNativeTarget section */
		C520559D241C23A900FE0AB6 /* OpenDay-Mac */ = {
			isa = PBXNativeTarget;
			buildConfigurationList = C52055B1241C23AB00FE0AB6 /* Build configuration list for PBXNativeTarget "OpenDay-Mac" */;
			buildPhases = (
				C520559A241C23A900FE0AB6 /* Sources */,
				C520559B241C23A900FE0AB6 /* Frameworks */,
				C520559C241C23A900FE0AB6 /* Resources */,
			);
			buildRules = (
			);
			dependencies = (
			);
			name = "OpenDay-Mac";
			packageProductDependencies = (
				C52055B8241C246200FE0AB6 /* LocationService */,
				C52055C1241C9B9400FE0AB6 /* OpenKit */,
				C52055C8241CA83600FE0AB6 /* Models */,
				C52055CD241CBCFE00FE0AB6 /* EntryRowView */,
				C5D45EDE241DFD0900B5F109 /* MapView */,
				C57C0DBC241E625F0056EB2F /* DayOneKit */,
				C5A895FE2420A70B00025403 /* WeatherService */,
				C5D40E2E2421E6C700DBDE85 /* Secrets */,
			);
			productName = "OpenDay-Mac";
			productReference = C520559E241C23A900FE0AB6 /* OpenDay-Mac.app */;
			productType = "com.apple.product-type.application";
		};
		C5B2BC34240ABDB6009E3E2C /* OpenDay */ = {
			isa = PBXNativeTarget;
			buildConfigurationList = C5B2BC4C240ABDB7009E3E2C /* Build configuration list for PBXNativeTarget "OpenDay" */;
			buildPhases = (
				C5B2BC31240ABDB6009E3E2C /* Sources */,
				C5B2BC32240ABDB6009E3E2C /* Frameworks */,
				C5B2BC33240ABDB6009E3E2C /* Resources */,
				C558AB012414DA9900DBB148 /* SwiftLint */,
			);
			buildRules = (
			);
			dependencies = (
			);
			name = OpenDay;
			packageProductDependencies = (
				C5859DEA240B9EE900711C16 /* KingfisherSwiftUI */,
				C5DA7A92241386A200F4F398 /* TextView */,
				C558AAF6241392D300DBB148 /* KeyboardObserving */,
				C558AAFF2414C28600DBB148 /* LocationService */,
				C52055C3241C9B9B00FE0AB6 /* OpenKit */,
				C52055C6241CA31000FE0AB6 /* Models */,
				C52055CB241CBB6600FE0AB6 /* EntryRowView */,
				C5D45EDC241DF76B00B5F109 /* MapView */,
				C5D40E302421EC8600DBDE85 /* Secrets */,
				C5D40E322421EC8B00DBDE85 /* WeatherService */,
			);
			productName = OpenDay;
			productReference = C5B2BC35240ABDB6009E3E2C /* OpenDay.app */;
			productType = "com.apple.product-type.application";
		};
/* End PBXNativeTarget section */

/* Begin PBXProject section */
		C5B2BC2D240ABDB5009E3E2C /* Project object */ = {
			isa = PBXProject;
			attributes = {
				LastSwiftUpdateCheck = 1130;
				LastUpgradeCheck = 1130;
				ORGANIZATIONNAME = "Martin Hartl";
				TargetAttributes = {
					C520559D241C23A900FE0AB6 = {
						CreatedOnToolsVersion = 11.3.1;
					};
					C5B2BC34240ABDB6009E3E2C = {
						CreatedOnToolsVersion = 11.3.1;
					};
				};
			};
			buildConfigurationList = C5B2BC30240ABDB5009E3E2C /* Build configuration list for PBXProject "OpenDay" */;
			compatibilityVersion = "Xcode 9.3";
			developmentRegion = en;
			hasScannedForEncodings = 0;
			knownRegions = (
				en,
				Base,
			);
			mainGroup = C5B2BC2C240ABDB5009E3E2C;
			packageReferences = (
				C5859DE9240B9EE900711C16 /* XCRemoteSwiftPackageReference "Kingfisher" */,
				C558AAF5241392D300DBB148 /* XCRemoteSwiftPackageReference "KeyboardObserving" */,
			);
			productRefGroup = C5B2BC36240ABDB6009E3E2C /* Products */;
			projectDirPath = "";
			projectRoot = "";
			targets = (
				C5B2BC34240ABDB6009E3E2C /* OpenDay */,
				C520559D241C23A900FE0AB6 /* OpenDay-Mac */,
			);
		};
/* End PBXProject section */

/* Begin PBXResourcesBuildPhase section */
		C520559C241C23A900FE0AB6 /* Resources */ = {
			isa = PBXResourcesBuildPhase;
			buildActionMask = 2147483647;
			files = (
				C52055AE241C23AB00FE0AB6 /* Main.storyboard in Resources */,
				C52055AB241C23AB00FE0AB6 /* Preview Assets.xcassets in Resources */,
				C52055A8241C23AB00FE0AB6 /* Assets.xcassets in Resources */,
				C57C0DBB241E61230056EB2F /* 1.json in Resources */,
			);
			runOnlyForDeploymentPostprocessing = 0;
		};
		C5B2BC33240ABDB6009E3E2C /* Resources */ = {
			isa = PBXResourcesBuildPhase;
			buildActionMask = 2147483647;
			files = (
				C5B2BC48240ABDB7009E3E2C /* LaunchScreen.storyboard in Resources */,
				C5B2BC45240ABDB7009E3E2C /* Preview Assets.xcassets in Resources */,
				C5B2BC42240ABDB7009E3E2C /* Assets.xcassets in Resources */,
			);
			runOnlyForDeploymentPostprocessing = 0;
		};
/* End PBXResourcesBuildPhase section */

/* Begin PBXShellScriptBuildPhase section */
		C558AB012414DA9900DBB148 /* SwiftLint */ = {
			isa = PBXShellScriptBuildPhase;
			buildActionMask = 2147483647;
			files = (
			);
			inputFileListPaths = (
			);
			inputPaths = (
			);
			name = SwiftLint;
			outputFileListPaths = (
			);
			outputPaths = (
			);
			runOnlyForDeploymentPostprocessing = 0;
			shellPath = /bin/sh;
			shellScript = "if which mint >/dev/null; then\n  mint run swiftlint\nelse\n  echo \"warning: SwiftLint not installed, download from https://github.com/realm/SwiftLint\"\nfi\n";
		};
/* End PBXShellScriptBuildPhase section */

/* Begin PBXSourcesBuildPhase section */
		C520559A241C23A900FE0AB6 /* Sources */ = {
			isa = PBXSourcesBuildPhase;
			buildActionMask = 2147483647;
			files = (
				C52055BF241C273C00FE0AB6 /* LocationSearchViewModel.swift in Sources */,
				C52055B6241C242500FE0AB6 /* OpenDay.xcdatamodeld in Sources */,
				C52055A3241C23A900FE0AB6 /* ContentView.swift in Sources */,
				C52055BE241C262B00FE0AB6 /* EntryStore.swift in Sources */,
				C52055B7241C244600FE0AB6 /* EntryPost.swift in Sources */,
				C52055BD241C261300FE0AB6 /* EntriesStore.swift in Sources */,
				C52055A1241C23A900FE0AB6 /* AppDelegate.swift in Sources */,
				C52055BC241C259000FE0AB6 /* CoreDataRepository.swift in Sources */,
				C52055BB241C258D00FE0AB6 /* EntryRepository.swift in Sources */,
			);
			runOnlyForDeploymentPostprocessing = 0;
		};
		C5B2BC31240ABDB6009E3E2C /* Sources */ = {
			isa = PBXSourcesBuildPhase;
			buildActionMask = 2147483647;
			files = (
				C5B2BC3E240ABDB6009E3E2C /* OpenDay.xcdatamodeld in Sources */,
				C5C39F972417714700309AC2 /* EntryRepository.swift in Sources */,
				C5B2BC39240ABDB6009E3E2C /* AppDelegate.swift in Sources */,
				C558AAFD24139D5500DBB148 /* EntryStore.swift in Sources */,
				C5C39F942416D93600309AC2 /* LocationSearchViewModel.swift in Sources */,
				C558AB0624153ED900DBB148 /* ContentEntryView.swift in Sources */,
				C5C39F992417800D00309AC2 /* CoreDataRepository.swift in Sources */,
				C5C39F922416D7B200309AC2 /* LocationSearchView.swift in Sources */,
				C53329B0240B766B007389DF /* EntryPost.swift in Sources */,
				C558AAF92413974C00DBB148 /* EntriesStore.swift in Sources */,
				C5DA7A902412DEF400F4F398 /* ImagePicker.swift in Sources */,
				C5B2BC40240ABDB6009E3E2C /* ContentView.swift in Sources */,
				C5B2BC3B240ABDB6009E3E2C /* SceneDelegate.swift in Sources */,
				C558AB0424153EAC00DBB148 /* EntryView.swift in Sources */,
			);
			runOnlyForDeploymentPostprocessing = 0;
		};
/* End PBXSourcesBuildPhase section */

/* Begin PBXVariantGroup section */
		C52055AC241C23AB00FE0AB6 /* Main.storyboard */ = {
			isa = PBXVariantGroup;
			children = (
				C52055AD241C23AB00FE0AB6 /* Base */,
			);
			name = Main.storyboard;
			sourceTree = "<group>";
		};
		C5B2BC46240ABDB7009E3E2C /* LaunchScreen.storyboard */ = {
			isa = PBXVariantGroup;
			children = (
				C5B2BC47240ABDB7009E3E2C /* Base */,
			);
			name = LaunchScreen.storyboard;
			sourceTree = "<group>";
		};
/* End PBXVariantGroup section */

/* Begin XCBuildConfiguration section */
		C52055B2241C23AB00FE0AB6 /* Debug */ = {
			isa = XCBuildConfiguration;
			buildSettings = {
				ASSETCATALOG_COMPILER_APPICON_NAME = AppIcon;
				CODE_SIGN_ENTITLEMENTS = "OpenDay-Mac/OpenDay_Mac.entitlements";
				CODE_SIGN_STYLE = Automatic;
				COMBINE_HIDPI_IMAGES = YES;
				DEVELOPMENT_ASSET_PATHS = "\"OpenDay-Mac/Preview Content\"";
				DEVELOPMENT_TEAM = 9E8SXF3Y36;
				ENABLE_HARDENED_RUNTIME = YES;
				ENABLE_PREVIEWS = YES;
				INFOPLIST_FILE = "OpenDay-Mac/Info.plist";
				LD_RUNPATH_SEARCH_PATHS = (
					"$(inherited)",
					"@executable_path/../Frameworks",
				);
				MACOSX_DEPLOYMENT_TARGET = 10.15;
				PRODUCT_BUNDLE_IDENTIFIER = "co.hartl.OpenDay-Mac";
				PRODUCT_NAME = "$(TARGET_NAME)";
				SDKROOT = macosx;
				SWIFT_VERSION = 5.0;
			};
			name = Debug;
		};
		C52055B3241C23AB00FE0AB6 /* Release */ = {
			isa = XCBuildConfiguration;
			buildSettings = {
				ASSETCATALOG_COMPILER_APPICON_NAME = AppIcon;
				CODE_SIGN_ENTITLEMENTS = "OpenDay-Mac/OpenDay_Mac.entitlements";
				CODE_SIGN_STYLE = Automatic;
				COMBINE_HIDPI_IMAGES = YES;
				DEVELOPMENT_ASSET_PATHS = "\"OpenDay-Mac/Preview Content\"";
				DEVELOPMENT_TEAM = 9E8SXF3Y36;
				ENABLE_HARDENED_RUNTIME = YES;
				ENABLE_PREVIEWS = YES;
				INFOPLIST_FILE = "OpenDay-Mac/Info.plist";
				LD_RUNPATH_SEARCH_PATHS = (
					"$(inherited)",
					"@executable_path/../Frameworks",
				);
				MACOSX_DEPLOYMENT_TARGET = 10.15;
				PRODUCT_BUNDLE_IDENTIFIER = "co.hartl.OpenDay-Mac";
				PRODUCT_NAME = "$(TARGET_NAME)";
				SDKROOT = macosx;
				SWIFT_VERSION = 5.0;
			};
			name = Release;
		};
		C5B2BC4A240ABDB7009E3E2C /* Debug */ = {
			isa = XCBuildConfiguration;
			buildSettings = {
				ALWAYS_SEARCH_USER_PATHS = NO;
				CLANG_ANALYZER_NONNULL = YES;
				CLANG_ANALYZER_NUMBER_OBJECT_CONVERSION = YES_AGGRESSIVE;
				CLANG_CXX_LANGUAGE_STANDARD = "gnu++14";
				CLANG_CXX_LIBRARY = "libc++";
				CLANG_ENABLE_MODULES = YES;
				CLANG_ENABLE_OBJC_ARC = YES;
				CLANG_ENABLE_OBJC_WEAK = YES;
				CLANG_WARN_BLOCK_CAPTURE_AUTORELEASING = YES;
				CLANG_WARN_BOOL_CONVERSION = YES;
				CLANG_WARN_COMMA = YES;
				CLANG_WARN_CONSTANT_CONVERSION = YES;
				CLANG_WARN_DEPRECATED_OBJC_IMPLEMENTATIONS = YES;
				CLANG_WARN_DIRECT_OBJC_ISA_USAGE = YES_ERROR;
				CLANG_WARN_DOCUMENTATION_COMMENTS = YES;
				CLANG_WARN_EMPTY_BODY = YES;
				CLANG_WARN_ENUM_CONVERSION = YES;
				CLANG_WARN_INFINITE_RECURSION = YES;
				CLANG_WARN_INT_CONVERSION = YES;
				CLANG_WARN_NON_LITERAL_NULL_CONVERSION = YES;
				CLANG_WARN_OBJC_IMPLICIT_RETAIN_SELF = YES;
				CLANG_WARN_OBJC_LITERAL_CONVERSION = YES;
				CLANG_WARN_OBJC_ROOT_CLASS = YES_ERROR;
				CLANG_WARN_RANGE_LOOP_ANALYSIS = YES;
				CLANG_WARN_STRICT_PROTOTYPES = YES;
				CLANG_WARN_SUSPICIOUS_MOVE = YES;
				CLANG_WARN_UNGUARDED_AVAILABILITY = YES_AGGRESSIVE;
				CLANG_WARN_UNREACHABLE_CODE = YES;
				CLANG_WARN__DUPLICATE_METHOD_MATCH = YES;
				COPY_PHASE_STRIP = NO;
				DEBUG_INFORMATION_FORMAT = dwarf;
				ENABLE_STRICT_OBJC_MSGSEND = YES;
				ENABLE_TESTABILITY = YES;
				GCC_C_LANGUAGE_STANDARD = gnu11;
				GCC_DYNAMIC_NO_PIC = NO;
				GCC_NO_COMMON_BLOCKS = YES;
				GCC_OPTIMIZATION_LEVEL = 0;
				GCC_PREPROCESSOR_DEFINITIONS = (
					"DEBUG=1",
					"$(inherited)",
				);
				GCC_WARN_64_TO_32_BIT_CONVERSION = YES;
				GCC_WARN_ABOUT_RETURN_TYPE = YES_ERROR;
				GCC_WARN_UNDECLARED_SELECTOR = YES;
				GCC_WARN_UNINITIALIZED_AUTOS = YES_AGGRESSIVE;
				GCC_WARN_UNUSED_FUNCTION = YES;
				GCC_WARN_UNUSED_VARIABLE = YES;
				IPHONEOS_DEPLOYMENT_TARGET = 13.2;
				MTL_ENABLE_DEBUG_INFO = INCLUDE_SOURCE;
				MTL_FAST_MATH = YES;
				ONLY_ACTIVE_ARCH = YES;
				SDKROOT = iphoneos;
				SWIFT_ACTIVE_COMPILATION_CONDITIONS = DEBUG;
				SWIFT_OPTIMIZATION_LEVEL = "-Onone";
			};
			name = Debug;
		};
		C5B2BC4B240ABDB7009E3E2C /* Release */ = {
			isa = XCBuildConfiguration;
			buildSettings = {
				ALWAYS_SEARCH_USER_PATHS = NO;
				CLANG_ANALYZER_NONNULL = YES;
				CLANG_ANALYZER_NUMBER_OBJECT_CONVERSION = YES_AGGRESSIVE;
				CLANG_CXX_LANGUAGE_STANDARD = "gnu++14";
				CLANG_CXX_LIBRARY = "libc++";
				CLANG_ENABLE_MODULES = YES;
				CLANG_ENABLE_OBJC_ARC = YES;
				CLANG_ENABLE_OBJC_WEAK = YES;
				CLANG_WARN_BLOCK_CAPTURE_AUTORELEASING = YES;
				CLANG_WARN_BOOL_CONVERSION = YES;
				CLANG_WARN_COMMA = YES;
				CLANG_WARN_CONSTANT_CONVERSION = YES;
				CLANG_WARN_DEPRECATED_OBJC_IMPLEMENTATIONS = YES;
				CLANG_WARN_DIRECT_OBJC_ISA_USAGE = YES_ERROR;
				CLANG_WARN_DOCUMENTATION_COMMENTS = YES;
				CLANG_WARN_EMPTY_BODY = YES;
				CLANG_WARN_ENUM_CONVERSION = YES;
				CLANG_WARN_INFINITE_RECURSION = YES;
				CLANG_WARN_INT_CONVERSION = YES;
				CLANG_WARN_NON_LITERAL_NULL_CONVERSION = YES;
				CLANG_WARN_OBJC_IMPLICIT_RETAIN_SELF = YES;
				CLANG_WARN_OBJC_LITERAL_CONVERSION = YES;
				CLANG_WARN_OBJC_ROOT_CLASS = YES_ERROR;
				CLANG_WARN_RANGE_LOOP_ANALYSIS = YES;
				CLANG_WARN_STRICT_PROTOTYPES = YES;
				CLANG_WARN_SUSPICIOUS_MOVE = YES;
				CLANG_WARN_UNGUARDED_AVAILABILITY = YES_AGGRESSIVE;
				CLANG_WARN_UNREACHABLE_CODE = YES;
				CLANG_WARN__DUPLICATE_METHOD_MATCH = YES;
				COPY_PHASE_STRIP = NO;
				DEBUG_INFORMATION_FORMAT = "dwarf-with-dsym";
				ENABLE_NS_ASSERTIONS = NO;
				ENABLE_STRICT_OBJC_MSGSEND = YES;
				GCC_C_LANGUAGE_STANDARD = gnu11;
				GCC_NO_COMMON_BLOCKS = YES;
				GCC_WARN_64_TO_32_BIT_CONVERSION = YES;
				GCC_WARN_ABOUT_RETURN_TYPE = YES_ERROR;
				GCC_WARN_UNDECLARED_SELECTOR = YES;
				GCC_WARN_UNINITIALIZED_AUTOS = YES_AGGRESSIVE;
				GCC_WARN_UNUSED_FUNCTION = YES;
				GCC_WARN_UNUSED_VARIABLE = YES;
				IPHONEOS_DEPLOYMENT_TARGET = 13.2;
				MTL_ENABLE_DEBUG_INFO = NO;
				MTL_FAST_MATH = YES;
				SDKROOT = iphoneos;
				SWIFT_COMPILATION_MODE = wholemodule;
				SWIFT_OPTIMIZATION_LEVEL = "-O";
				VALIDATE_PRODUCT = YES;
			};
			name = Release;
		};
		C5B2BC4D240ABDB7009E3E2C /* Debug */ = {
			isa = XCBuildConfiguration;
			buildSettings = {
				ASSETCATALOG_COMPILER_APPICON_NAME = AppIcon;
				CODE_SIGN_ENTITLEMENTS = OpenDay/OpenDay.entitlements;
				CODE_SIGN_STYLE = Automatic;
				DEVELOPMENT_ASSET_PATHS = "\"OpenDay/Preview Content\"";
				DEVELOPMENT_TEAM = 9E8SXF3Y36;
				ENABLE_PREVIEWS = YES;
				INFOPLIST_FILE = OpenDay/Info.plist;
				LD_RUNPATH_SEARCH_PATHS = (
					"$(inherited)",
					"@executable_path/Frameworks",
				);
				PRODUCT_BUNDLE_IDENTIFIER = co.hartl.OpenDay;
				PRODUCT_NAME = "$(TARGET_NAME)";
				SWIFT_VERSION = 5.0;
				TARGETED_DEVICE_FAMILY = "1,2";
			};
			name = Debug;
		};
		C5B2BC4E240ABDB7009E3E2C /* Release */ = {
			isa = XCBuildConfiguration;
			buildSettings = {
				ASSETCATALOG_COMPILER_APPICON_NAME = AppIcon;
				CODE_SIGN_ENTITLEMENTS = OpenDay/OpenDay.entitlements;
				CODE_SIGN_STYLE = Automatic;
				DEVELOPMENT_ASSET_PATHS = "\"OpenDay/Preview Content\"";
				DEVELOPMENT_TEAM = 9E8SXF3Y36;
				ENABLE_PREVIEWS = YES;
				INFOPLIST_FILE = OpenDay/Info.plist;
				LD_RUNPATH_SEARCH_PATHS = (
					"$(inherited)",
					"@executable_path/Frameworks",
				);
				PRODUCT_BUNDLE_IDENTIFIER = co.hartl.OpenDay;
				PRODUCT_NAME = "$(TARGET_NAME)";
				SWIFT_VERSION = 5.0;
				TARGETED_DEVICE_FAMILY = "1,2";
			};
			name = Release;
		};
/* End XCBuildConfiguration section */

/* Begin XCConfigurationList section */
		C52055B1241C23AB00FE0AB6 /* Build configuration list for PBXNativeTarget "OpenDay-Mac" */ = {
			isa = XCConfigurationList;
			buildConfigurations = (
				C52055B2241C23AB00FE0AB6 /* Debug */,
				C52055B3241C23AB00FE0AB6 /* Release */,
			);
			defaultConfigurationIsVisible = 0;
			defaultConfigurationName = Release;
		};
		C5B2BC30240ABDB5009E3E2C /* Build configuration list for PBXProject "OpenDay" */ = {
			isa = XCConfigurationList;
			buildConfigurations = (
				C5B2BC4A240ABDB7009E3E2C /* Debug */,
				C5B2BC4B240ABDB7009E3E2C /* Release */,
			);
			defaultConfigurationIsVisible = 0;
			defaultConfigurationName = Release;
		};
		C5B2BC4C240ABDB7009E3E2C /* Build configuration list for PBXNativeTarget "OpenDay" */ = {
			isa = XCConfigurationList;
			buildConfigurations = (
				C5B2BC4D240ABDB7009E3E2C /* Debug */,
				C5B2BC4E240ABDB7009E3E2C /* Release */,
			);
			defaultConfigurationIsVisible = 0;
			defaultConfigurationName = Release;
		};
/* End XCConfigurationList section */

/* Begin XCRemoteSwiftPackageReference section */
		C558AAF5241392D300DBB148 /* XCRemoteSwiftPackageReference "KeyboardObserving" */ = {
			isa = XCRemoteSwiftPackageReference;
			repositoryURL = "https://github.com/nickffox/KeyboardObserving.git";
			requirement = {
				kind = upToNextMajorVersion;
				minimumVersion = 0.2.1;
			};
		};
		C5859DE9240B9EE900711C16 /* XCRemoteSwiftPackageReference "Kingfisher" */ = {
			isa = XCRemoteSwiftPackageReference;
			repositoryURL = "https://github.com/onevcat/Kingfisher";
			requirement = {
				kind = upToNextMajorVersion;
				minimumVersion = 5.13.2;
			};
		};
/* End XCRemoteSwiftPackageReference section */

/* Begin XCSwiftPackageProductDependency section */
		C52055B8241C246200FE0AB6 /* LocationService */ = {
			isa = XCSwiftPackageProductDependency;
			productName = LocationService;
		};
		C52055C1241C9B9400FE0AB6 /* OpenKit */ = {
			isa = XCSwiftPackageProductDependency;
			productName = OpenKit;
		};
		C52055C3241C9B9B00FE0AB6 /* OpenKit */ = {
			isa = XCSwiftPackageProductDependency;
			productName = OpenKit;
		};
		C52055C6241CA31000FE0AB6 /* Models */ = {
			isa = XCSwiftPackageProductDependency;
			productName = Models;
		};
		C52055C8241CA83600FE0AB6 /* Models */ = {
			isa = XCSwiftPackageProductDependency;
			productName = Models;
		};
		C52055CB241CBB6600FE0AB6 /* EntryRowView */ = {
			isa = XCSwiftPackageProductDependency;
			productName = EntryRowView;
		};
		C52055CD241CBCFE00FE0AB6 /* EntryRowView */ = {
			isa = XCSwiftPackageProductDependency;
			productName = EntryRowView;
		};
		C558AAF6241392D300DBB148 /* KeyboardObserving */ = {
			isa = XCSwiftPackageProductDependency;
			package = C558AAF5241392D300DBB148 /* XCRemoteSwiftPackageReference "KeyboardObserving" */;
			productName = KeyboardObserving;
		};
		C558AAFF2414C28600DBB148 /* LocationService */ = {
			isa = XCSwiftPackageProductDependency;
			productName = LocationService;
		};
		C57C0DBC241E625F0056EB2F /* DayOneKit */ = {
			isa = XCSwiftPackageProductDependency;
			productName = DayOneKit;
		};
		C5859DEA240B9EE900711C16 /* KingfisherSwiftUI */ = {
			isa = XCSwiftPackageProductDependency;
			package = C5859DE9240B9EE900711C16 /* XCRemoteSwiftPackageReference "Kingfisher" */;
			productName = KingfisherSwiftUI;
		};
		C5A895FE2420A70B00025403 /* WeatherService */ = {
			isa = XCSwiftPackageProductDependency;
			productName = WeatherService;
		};
		C5D40E2E2421E6C700DBDE85 /* Secrets */ = {
			isa = XCSwiftPackageProductDependency;
			productName = Secrets;
		};
		C5D40E302421EC8600DBDE85 /* Secrets */ = {
			isa = XCSwiftPackageProductDependency;
			productName = Secrets;
		};
		C5D40E322421EC8B00DBDE85 /* WeatherService */ = {
			isa = XCSwiftPackageProductDependency;
			productName = WeatherService;
		};
		C5D45EDC241DF76B00B5F109 /* MapView */ = {
			isa = XCSwiftPackageProductDependency;
			productName = MapView;
		};
		C5D45EDE241DFD0900B5F109 /* MapView */ = {
			isa = XCSwiftPackageProductDependency;
			productName = MapView;
		};
		C5DA7A92241386A200F4F398 /* TextView */ = {
			isa = XCSwiftPackageProductDependency;
			productName = TextView;
		};
/* End XCSwiftPackageProductDependency section */

/* Begin XCVersionGroup section */
		C5B2BC3C240ABDB6009E3E2C /* OpenDay.xcdatamodeld */ = {
			isa = XCVersionGroup;
			children = (
				C5B2BC3D240ABDB6009E3E2C /* OpenDay.xcdatamodel */,
			);
			currentVersion = C5B2BC3D240ABDB6009E3E2C /* OpenDay.xcdatamodel */;
			path = OpenDay.xcdatamodeld;
			sourceTree = "<group>";
			versionGroupType = wrapper.xcdatamodel;
		};
/* End XCVersionGroup section */
	};
	rootObject = C5B2BC2D240ABDB5009E3E2C /* Project object */;
}
